
Microsoft Visual Studio Solution File, Format Version 12.00
# Visual Studio Version 17
VisualStudioVersion = 17.14.37012.4
MinimumVisualStudioVersion = 10.0.40219.1
Project("{FAE04EC0-301F-11D3-BF4B-00C04F79EFBC}") = "IdIdentifyApp", "IdIdentifyApp.csproj", "{90352F4A-220C-482D-8602-6E79C6AA83E8}"
EndProject
Project("{FAE04EC0-301F-11D3-BF4B-00C04F79EFBC}") = "IdIdentifyApp.Ui.Common", "..\IdIdentifyApp.Ui.Common\IdIdentifyApp.Ui.Common.csproj", "{C78550B4-5681-4989-BC68-47B67BEE679A}"
EndProject
Project("{FAE04EC0-301F-11D3-BF4B-00C04F79EFBC}") = "IdIdentifyApp.Common", "..\IdIdentifyApp.Common\IdIdentifyApp.Common.csproj", "{24199159-9A05-4429-A8B9-8ED76A6B42D9}"
EndProject
Project("{FAE04EC0-301F-11D3-BF4B-00C04F79EFBC}") = "IdIdentifyApp.Tests", "..\IdIdentifyApp.Tests\IdIdentifyApp.Tests.csproj", "{63E67300-A055-4A9A-9E27-B829C4097210}"
EndProject
Project("{FAE04EC0-301F-11D3-BF4B-00C04F79EFBC}") = "IdIdentifyApp.Domain", "..\IdIdentifyApp.Domain\IdIdentifyApp.Domain.csproj", "{600ABBC6-EB18-470E-A733-7DF729999176}"
EndProject
Project("{FAE04EC0-301F-11D3-BF4B-00C04F79EFBC}") = "IdIdentifyApp.Infrastructure", "..\IdIdentifyApp.Infrastructure\IdIdentifyApp.Infrastructure.csproj", "{3D8C6175-B9DB-4E88-8177-881604FBADFE}"
EndProject
Project("{FAE04EC0-301F-11D3-BF4B-00C04F79EFBC}") = "IdIdentifyApp.Applications", "..\IdIdentifyApp.Applications\IdIdentifyApp.Applications.csproj", "{593DAF4B-E5C9-49F5-8A85-0FCB851AC716}"
EndProject
Global
	GlobalSection(SolutionConfigurationPlatforms) = preSolution
		Debug|ARM64 = Debug|ARM64
		Debug|x64 = Debug|x64
		Debug|x86 = Debug|x86
		Release|ARM64 = Release|ARM64
		Release|x64 = Release|x64
		Release|x86 = Release|x86
	EndGlobalSection
	GlobalSection(ProjectConfigurationPlatforms) = postSolution
		{90352F4A-220C-482D-8602-6E79C6AA83E8}.Debug|ARM64.ActiveCfg = Debug|ARM64
		{90352F4A-220C-482D-8602-6E79C6AA83E8}.Debug|ARM64.Build.0 = Debug|ARM64
		{90352F4A-220C-482D-8602-6E79C6AA83E8}.Debug|ARM64.Deploy.0 = Debug|ARM64
		{90352F4A-220C-482D-8602-6E79C6AA83E8}.Debug|x64.ActiveCfg = Debug|x64
		{90352F4A-220C-482D-8602-6E79C6AA83E8}.Debug|x64.Build.0 = Debug|x64
		{90352F4A-220C-482D-8602-6E79C6AA83E8}.Debug|x64.Deploy.0 = Debug|x64
		{90352F4A-220C-482D-8602-6E79C6AA83E8}.Debug|x86.ActiveCfg = Debug|x86
		{90352F4A-220C-482D-8602-6E79C6AA83E8}.Debug|x86.Build.0 = Debug|x86
		{90352F4A-220C-482D-8602-6E79C6AA83E8}.Debug|x86.Deploy.0 = Debug|x86
		{90352F4A-220C-482D-8602-6E79C6AA83E8}.Release|ARM64.ActiveCfg = Release|ARM64
		{90352F4A-220C-482D-8602-6E79C6AA83E8}.Release|ARM64.Build.0 = Release|ARM64
		{90352F4A-220C-482D-8602-6E79C6AA83E8}.Release|ARM64.Deploy.0 = Release|ARM64
		{90352F4A-220C-482D-8602-6E79C6AA83E8}.Release|x64.ActiveCfg = Release|x64
		{90352F4A-220C-482D-8602-6E79C6AA83E8}.Release|x64.Build.0 = Release|x64
		{90352F4A-220C-482D-8602-6E79C6AA83E8}.Release|x64.Deploy.0 = Release|x64
		{90352F4A-220C-482D-8602-6E79C6AA83E8}.Release|x86.ActiveCfg = Release|x86
		{90352F4A-220C-482D-8602-6E79C6AA83E8}.Release|x86.Build.0 = Release|x86
		{90352F4A-220C-482D-8602-6E79C6AA83E8}.Release|x86.Deploy.0 = Release|x86
		{C78550B4-5681-4989-BC68-47B67BEE679A}.Debug|ARM64.ActiveCfg = Debug|Any CPU
		{C78550B4-5681-4989-BC68-47B67BEE679A}.Debug|ARM64.Build.0 = Debug|Any CPU
		{C78550B4-5681-4989-BC68-47B67BEE679A}.Debug|x64.ActiveCfg = Debug|Any CPU
		{C78550B4-5681-4989-BC68-47B67BEE679A}.Debug|x64.Build.0 = Debug|Any CPU
		{C78550B4-5681-4989-BC68-47B67BEE679A}.Debug|x86.ActiveCfg = Debug|Any CPU
		{C78550B4-5681-4989-BC68-47B67BEE679A}.Debug|x86.Build.0 = Debug|Any CPU
		{C78550B4-5681-4989-BC68-47B67BEE679A}.Release|ARM64.ActiveCfg = Release|Any CPU
		{C78550B4-5681-4989-BC68-47B67BEE679A}.Release|ARM64.Build.0 = Release|Any CPU
		{C78550B4-5681-4989-BC68-47B67BEE679A}.Release|x64.ActiveCfg = Release|Any CPU
		{C78550B4-5681-4989-BC68-47B67BEE679A}.Release|x64.Build.0 = Release|Any CPU
		{C78550B4-5681-4989-BC68-47B67BEE679A}.Release|x86.ActiveCfg = Release|Any CPU
		{C78550B4-5681-4989-BC68-47B67BEE679A}.Release|x86.Build.0 = Release|Any CPU
		{24199159-9A05-4429-A8B9-8ED76A6B42D9}.Debug|ARM64.ActiveCfg = Debug|Any CPU
		{24199159-9A05-4429-A8B9-8ED76A6B42D9}.Debug|ARM64.Build.0 = Debug|Any CPU
		{24199159-9A05-4429-A8B9-8ED76A6B42D9}.Debug|x64.ActiveCfg = Debug|Any CPU
		{24199159-9A05-4429-A8B9-8ED76A6B42D9}.Debug|x64.Build.0 = Debug|Any CPU
		{24199159-9A05-4429-A8B9-8ED76A6B42D9}.Debug|x86.ActiveCfg = Debug|Any CPU
		{24199159-9A05-4429-A8B9-8ED76A6B42D9}.Debug|x86.Build.0 = Debug|Any CPU
		{24199159-9A05-4429-A8B9-8ED76A6B42D9}.Release|ARM64.ActiveCfg = Release|Any CPU
		{24199159-9A05-4429-A8B9-8ED76A6B42D9}.Release|ARM64.Build.0 = Release|Any CPU
		{24199159-9A05-4429-A8B9-8ED76A6B42D9}.Release|x64.ActiveCfg = Release|Any CPU
		{24199159-9A05-4429-A8B9-8ED76A6B42D9}.Release|x64.Build.0 = Release|Any CPU
		{24199159-9A05-4429-A8B9-8ED76A6B42D9}.Release|x86.ActiveCfg = Release|Any CPU
		{24199159-9A05-4429-A8B9-8ED76A6B42D9}.Release|x86.Build.0 = Release|Any CPU
		{63E67300-A055-4A9A-9E27-B829C4097210}.Debug|ARM64.ActiveCfg = Debug|Any CPU
		{63E67300-A055-4A9A-9E27-B829C4097210}.Debug|ARM64.Build.0 = Debug|Any CPU
		{63E67300-A055-4A9A-9E27-B829C4097210}.Debug|x64.ActiveCfg = Debug|Any CPU
		{63E67300-A055-4A9A-9E27-B829C4097210}.Debug|x64.Build.0 = Debug|Any CPU
		{63E67300-A055-4A9A-9E27-B829C4097210}.Debug|x86.ActiveCfg = Debug|Any CPU
		{63E67300-A055-4A9A-9E27-B829C4097210}.Debug|x86.Build.0 = Debug|Any CPU
		{63E67300-A055-4A9A-9E27-B829C4097210}.Release|ARM64.ActiveCfg = Release|Any CPU
		{63E67300-A055-4A9A-9E27-B829C4097210}.Release|ARM64.Build.0 = Release|Any CPU
		{63E67300-A055-4A9A-9E27-B829C4097210}.Release|x64.ActiveCfg = Release|Any CPU
		{63E67300-A055-4A9A-9E27-B829C4097210}.Release|x64.Build.0 = Release|Any CPU
		{63E67300-A055-4A9A-9E27-B829C4097210}.Release|x86.ActiveCfg = Release|Any CPU
		{63E67300-A055-4A9A-9E27-B829C4097210}.Release|x86.Build.0 = Release|Any CPU
		{600ABBC6-EB18-470E-A733-7DF729999176}.Debug|ARM64.ActiveCfg = Debug|Any CPU
		{600ABBC6-EB18-470E-A733-7DF729999176}.Debug|ARM64.Build.0 = Debug|Any CPU
		{600ABBC6-EB18-470E-A733-7DF729999176}.Debug|x64.ActiveCfg = Debug|Any CPU
		{600ABBC6-EB18-470E-A733-7DF729999176}.Debug|x64.Build.0 = Debug|Any CPU
		{600ABBC6-EB18-470E-A733-7DF729999176}.Debug|x86.ActiveCfg = Debug|Any CPU
		{600ABBC6-EB18-470E-A733-7DF729999176}.Debug|x86.Build.0 = Debug|Any CPU
		{600ABBC6-EB18-470E-A733-7DF729999176}.Release|ARM64.ActiveCfg = Release|Any CPU
		{600ABBC6-EB18-470E-A733-7DF729999176}.Release|ARM64.Build.0 = Release|Any CPU
		{600ABBC6-EB18-470E-A733-7DF729999176}.Release|x64.ActiveCfg = Release|Any CPU
		{600ABBC6-EB18-470E-A733-7DF729999176}.Release|x64.Build.0 = Release|Any CPU
		{600ABBC6-EB18-470E-A733-7DF729999176}.Release|x86.ActiveCfg = Release|Any CPU
		{600ABBC6-EB18-470E-A733-7DF729999176}.Release|x86.Build.0 = Release|Any CPU
		{3D8C6175-B9DB-4E88-8177-881604FBADFE}.Debug|ARM64.ActiveCfg = Debug|Any CPU
		{3D8C6175-B9DB-4E88-8177-881604FBADFE}.Debug|ARM64.Build.0 = Debug|Any CPU
		{3D8C6175-B9DB-4E88-8177-881604FBADFE}.Debug|x64.ActiveCfg = Debug|Any CPU
		{3D8C6175-B9DB-4E88-8177-881604FBADFE}.Debug|x64.Build.0 = Debug|Any CPU
		{3D8C6175-B9DB-4E88-8177-881604FBADFE}.Debug|x86.ActiveCfg = Debug|Any CPU
		{3D8C6175-B9DB-4E88-8177-881604FBADFE}.Debug|x86.Build.0 = Debug|Any CPU
		{3D8C6175-B9DB-4E88-8177-881604FBADFE}.Release|ARM64.ActiveCfg = Release|Any CPU
		{3D8C6175-B9DB-4E88-8177-881604FBADFE}.Release|ARM64.Build.0 = Release|Any CPU
		{3D8C6175-B9DB-4E88-8177-881604FBADFE}.Release|x64.ActiveCfg = Release|Any CPU
		{3D8C6175-B9DB-4E88-8177-881604FBADFE}.Release|x64.Build.0 = Release|Any CPU
		{3D8C6175-B9DB-4E88-8177-881604FBADFE}.Release|x86.ActiveCfg = Release|Any CPU
		{3D8C6175-B9DB-4E88-8177-881604FBADFE}.Release|x86.Build.0 = Release|Any CPU
		{593DAF4B-E5C9-49F5-8A85-0FCB851AC716}.Debug|ARM64.ActiveCfg = Debug|Any CPU
		{593DAF4B-E5C9-49F5-8A85-0FCB851AC716}.Debug|ARM64.Build.0 = Debug|Any CPU
		{593DAF4B-E5C9-49F5-8A85-0FCB851AC716}.Debug|x64.ActiveCfg = Debug|Any CPU
		{593DAF4B-E5C9-49F5-8A85-0FCB851AC716}.Debug|x64.Build.0 = Debug|Any CPU
		{593DAF4B-E5C9-49F5-8A85-0FCB851AC716}.Debug|x86.ActiveCfg = Debug|Any CPU
		{593DAF4B-E5C9-49F5-8A85-0FCB851AC716}.Debug|x86.Build.0 = Debug|Any CPU
		{593DAF4B-E5C9-49F5-8A85-0FCB851AC716}.Release|ARM64.ActiveCfg = Release|Any CPU
		{593DAF4B-E5C9-49F5-8A85-0FCB851AC716}.Release|ARM64.Build.0 = Release|Any CPU
		{593DAF4B-E5C9-49F5-8A85-0FCB851AC716}.Release|x64.ActiveCfg = Release|Any CPU
		{593DAF4B-E5C9-49F5-8A85-0FCB851AC716}.Release|x64.Build.0 = Release|Any CPU
		{593DAF4B-E5C9-49F5-8A85-0FCB851AC716}.Release|x86.ActiveCfg = Release|Any CPU
		{593DAF4B-E5C9-49F5-8A85-0FCB851AC716}.Release|x86.Build.0 = Release|Any CPU
	EndGlobalSection
	GlobalSection(SolutionProperties) = preSolution
		HideSolutionNode = FALSE
	EndGlobalSection
	GlobalSection(ExtensibilityGlobals) = postSolution
		SolutionGuid = {124BF2C0-6FC1-4AB3-88DC-C4B196471B92}
	EndGlobalSection
EndGlobal
